
Microsoft Visual Studio Solution File, Format Version 12.00
# Visual Studio Version 17
VisualStudioVersion = 17.8.34511.84
MinimumVisualStudioVersion = 10.0.40219.1
Project("{9A19103F-16F7-4668-BE54-9A1E7A4F7556}") = "GetReal.UI", "GetReal.UI\GetReal.UI.csproj", "{84C519B7-CF44-4E7B-9D34-A57C288E2FC4}"
EndProject
Project("{FAE04EC0-301F-11D3-BF4B-00C04F79EFBC}") = "GetReal.Application", "GetReal.Application\GetReal.Application.csproj", "{F4349DD3-FC7B-4FBE-B444-7A735C08378C}"
EndProject
Project("{FAE04EC0-301F-11D3-BF4B-00C04F79EFBC}") = "GetReal.Domain", "GetReal.Domain\GetReal.Domain.csproj", "{5332FDDB-810A-46F1-8607-5B9A38A9665F}"
EndProject
Global
	GlobalSection(SolutionConfigurationPlatforms) = preSolution
		Debug|Any CPU = Debug|Any CPU
		Release|Any CPU = Release|Any CPU
	EndGlobalSection
	GlobalSection(ProjectConfigurationPlatforms) = postSolution
		{84C519B7-CF44-4E7B-9D34-A57C288E2FC4}.Debug|Any CPU.ActiveCfg = Debug|Any CPU
		{84C519B7-CF44-4E7B-9D34-A57C288E2FC4}.Debug|Any CPU.Build.0 = Debug|Any CPU
		{84C519B7-CF44-4E7B-9D34-A57C288E2FC4}.Release|Any CPU.ActiveCfg = Release|Any CPU
		{84C519B7-CF44-4E7B-9D34-A57C288E2FC4}.Release|Any CPU.Build.0 = Release|Any CPU
		{F4349DD3-FC7B-4FBE-B444-7A735C08378C}.Debug|Any CPU.ActiveCfg = Debug|Any CPU
		{F4349DD3-FC7B-4FBE-B444-7A735C08378C}.Debug|Any CPU.Build.0 = Debug|Any CPU
		{F4349DD3-FC7B-4FBE-B444-7A735C08378C}.Release|Any CPU.ActiveCfg = Release|Any CPU
		{F4349DD3-FC7B-4FBE-B444-7A735C08378C}.Release|Any CPU.Build.0 = Release|Any CPU
		{5332FDDB-810A-46F1-8607-5B9A38A9665F}.Debug|Any CPU.ActiveCfg = Debug|Any CPU
		{5332FDDB-810A-46F1-8607-5B9A38A9665F}.Debug|Any CPU.Build.0 = Debug|Any CPU
		{5332FDDB-810A-46F1-8607-5B9A38A9665F}.Release|Any CPU.ActiveCfg = Release|Any CPU
		{5332FDDB-810A-46F1-8607-5B9A38A9665F}.Release|Any CPU.Build.0 = Release|Any CPU
	EndGlobalSection
	GlobalSection(SolutionProperties) = preSolution
		HideSolutionNode = FALSE
	EndGlobalSection
	GlobalSection(ExtensibilityGlobals) = postSolution
		SolutionGuid = {06645CA8-09F1-4295-AA60-0A6DFA144D9D}
	EndGlobalSection
EndGlobal
